
Microsoft Visual Studio Solution File, Format Version 12.00
# Visual Studio Version 17
VisualStudioVersion = 17.6.33801.468
MinimumVisualStudioVersion = 10.0.40219.1
Project("{9A19103F-16F7-4668-BE54-9A1E7A4F7556}") = "CoreEstate", "CoreEstate\CoreEstate.csproj", "{272081EB-F56A-4307-B868-0C13E4623294}"
EndProject
Global
	GlobalSection(SolutionConfigurationPlatforms) = preSolution
		Debug|Any CPU = Debug|Any CPU
		Release|Any CPU = Release|Any CPU
	EndGlobalSection
	GlobalSection(ProjectConfigurationPlatforms) = postSolution
		{272081EB-F56A-4307-B868-0C13E4623294}.Debug|Any CPU.ActiveCfg = Debug|Any CPU
		{272081EB-F56A-4307-B868-0C13E4623294}.Debug|Any CPU.Build.0 = Debug|Any CPU
		{272081EB-F56A-4307-B868-0C13E4623294}.Release|Any CPU.ActiveCfg = Release|Any CPU
		{272081EB-F56A-4307-B868-0C13E4623294}.Release|Any CPU.Build.0 = Release|Any CPU
	EndGlobalSection
	GlobalSection(SolutionProperties) = preSolution
		HideSolutionNode = FALSE
	EndGlobalSection
	GlobalSection(ExtensibilityGlobals) = postSolution
		SolutionGuid = {427B16D9-D537-4C9C-805B-716387C9CBCB}
	EndGlobalSection
EndGlobal
